
Microsoft Visual Studio Solution File, Format Version 12.00
# Visual Studio Version 17
VisualStudioVersion = 17.6.33723.286
MinimumVisualStudioVersion = 10.0.40219.1
Project("{FAE04EC0-301F-11D3-BF4B-00C04F79EFBC}") = "StreamWriter_Csharp", "StreamWriter_Csharp\StreamWriter_Csharp.csproj", "{AA11A55F-053A-4A19-A393-A5698F6AEFDD}"
EndProject
Global
	GlobalSection(SolutionConfigurationPlatforms) = preSolution
		Debug|Any CPU = Debug|Any CPU
		Release|Any CPU = Release|Any CPU
	EndGlobalSection
	GlobalSection(ProjectConfigurationPlatforms) = postSolution
		{AA11A55F-053A-4A19-A393-A5698F6AEFDD}.Debug|Any CPU.ActiveCfg = Debug|Any CPU
		{AA11A55F-053A-4A19-A393-A5698F6AEFDD}.Debug|Any CPU.Build.0 = Debug|Any CPU
		{AA11A55F-053A-4A19-A393-A5698F6AEFDD}.Release|Any CPU.ActiveCfg = Release|Any CPU
		{AA11A55F-053A-4A19-A393-A5698F6AEFDD}.Release|Any CPU.Build.0 = Release|Any CPU
	EndGlobalSection
	GlobalSection(SolutionProperties) = preSolution
		HideSolutionNode = FALSE
	EndGlobalSection
	GlobalSection(ExtensibilityGlobals) = postSolution
		SolutionGuid = {A0FD6662-017D-4D0A-A627-A15C5DFAB520}
	EndGlobalSection
EndGlobal
