
Microsoft Visual Studio Solution File, Format Version 12.00
# Visual Studio Version 17
VisualStudioVersion = 17.6.33801.468
MinimumVisualStudioVersion = 10.0.40219.1
Project("{FAE04EC0-301F-11D3-BF4B-00C04F79EFBC}") = "Generics4_Csharp", "Generics4_Csharp\Generics4_Csharp.csproj", "{EEFD761F-865B-4CFE-8F5D-C3137E9F02BB}"
EndProject
Global
	GlobalSection(SolutionConfigurationPlatforms) = preSolution
		Debug|Any CPU = Debug|Any CPU
		Release|Any CPU = Release|Any CPU
	EndGlobalSection
	GlobalSection(ProjectConfigurationPlatforms) = postSolution
		{EEFD761F-865B-4CFE-8F5D-C3137E9F02BB}.Debug|Any CPU.ActiveCfg = Debug|Any CPU
		{EEFD761F-865B-4CFE-8F5D-C3137E9F02BB}.Debug|Any CPU.Build.0 = Debug|Any CPU
		{EEFD761F-865B-4CFE-8F5D-C3137E9F02BB}.Release|Any CPU.ActiveCfg = Release|Any CPU
		{EEFD761F-865B-4CFE-8F5D-C3137E9F02BB}.Release|Any CPU.Build.0 = Release|Any CPU
	EndGlobalSection
	GlobalSection(SolutionProperties) = preSolution
		HideSolutionNode = FALSE
	EndGlobalSection
	GlobalSection(ExtensibilityGlobals) = postSolution
		SolutionGuid = {74CC9F64-3936-4B8E-9E4E-2907D9D67AE3}
	EndGlobalSection
EndGlobal
