
Microsoft Visual Studio Solution File, Format Version 12.00
# Visual Studio Version 17
VisualStudioVersion = 17.6.33801.468
MinimumVisualStudioVersion = 10.0.40219.1
Project("{FAE04EC0-301F-11D3-BF4B-00C04F79EFBC}") = "AccessLog", "AccessLog\AccessLog.csproj", "{B44E3AED-4280-4A44-B095-46BD62E412FB}"
EndProject
Global
	GlobalSection(SolutionConfigurationPlatforms) = preSolution
		Debug|Any CPU = Debug|Any CPU
		Release|Any CPU = Release|Any CPU
	EndGlobalSection
	GlobalSection(ProjectConfigurationPlatforms) = postSolution
		{B44E3AED-4280-4A44-B095-46BD62E412FB}.Debug|Any CPU.ActiveCfg = Debug|Any CPU
		{B44E3AED-4280-4A44-B095-46BD62E412FB}.Debug|Any CPU.Build.0 = Debug|Any CPU
		{B44E3AED-4280-4A44-B095-46BD62E412FB}.Release|Any CPU.ActiveCfg = Release|Any CPU
		{B44E3AED-4280-4A44-B095-46BD62E412FB}.Release|Any CPU.Build.0 = Release|Any CPU
	EndGlobalSection
	GlobalSection(SolutionProperties) = preSolution
		HideSolutionNode = FALSE
	EndGlobalSection
	GlobalSection(ExtensibilityGlobals) = postSolution
		SolutionGuid = {29E4D0C5-D868-4E29-8F60-BF36959CF18E}
	EndGlobalSection
EndGlobal
