
Microsoft Visual Studio Solution File, Format Version 12.00
# Visual Studio Version 17
VisualStudioVersion = 17.6.33717.318
MinimumVisualStudioVersion = 10.0.40219.1
Project("{FAE04EC0-301F-11D3-BF4B-00C04F79EFBC}") = "Matriz1", "Matriz1\Matriz1.csproj", "{44B34A8A-6416-498B-A7AE-5C6724F9627C}"
EndProject
Global
	GlobalSection(SolutionConfigurationPlatforms) = preSolution
		Debug|Any CPU = Debug|Any CPU
		Release|Any CPU = Release|Any CPU
	EndGlobalSection
	GlobalSection(ProjectConfigurationPlatforms) = postSolution
		{44B34A8A-6416-498B-A7AE-5C6724F9627C}.Debug|Any CPU.ActiveCfg = Debug|Any CPU
		{44B34A8A-6416-498B-A7AE-5C6724F9627C}.Debug|Any CPU.Build.0 = Debug|Any CPU
		{44B34A8A-6416-498B-A7AE-5C6724F9627C}.Release|Any CPU.ActiveCfg = Release|Any CPU
		{44B34A8A-6416-498B-A7AE-5C6724F9627C}.Release|Any CPU.Build.0 = Release|Any CPU
	EndGlobalSection
	GlobalSection(SolutionProperties) = preSolution
		HideSolutionNode = FALSE
	EndGlobalSection
	GlobalSection(ExtensibilityGlobals) = postSolution
		SolutionGuid = {D8262FE4-0AED-4771-AE89-DDD26B42FF8F}
	EndGlobalSection
EndGlobal
