
Microsoft Visual Studio Solution File, Format Version 12.00
# Visual Studio Version 17
VisualStudioVersion = 17.6.33801.468
MinimumVisualStudioVersion = 10.0.40219.1
Project("{FAE04EC0-301F-11D3-BF4B-00C04F79EFBC}") = "Lambda_Csharp", "Lambda_Csharp\Lambda_Csharp.csproj", "{5FA0AF14-6FE1-4FEC-937F-ADACD00A5993}"
EndProject
Global
	GlobalSection(SolutionConfigurationPlatforms) = preSolution
		Debug|Any CPU = Debug|Any CPU
		Release|Any CPU = Release|Any CPU
	EndGlobalSection
	GlobalSection(ProjectConfigurationPlatforms) = postSolution
		{5FA0AF14-6FE1-4FEC-937F-ADACD00A5993}.Debug|Any CPU.ActiveCfg = Debug|Any CPU
		{5FA0AF14-6FE1-4FEC-937F-ADACD00A5993}.Debug|Any CPU.Build.0 = Debug|Any CPU
		{5FA0AF14-6FE1-4FEC-937F-ADACD00A5993}.Release|Any CPU.ActiveCfg = Release|Any CPU
		{5FA0AF14-6FE1-4FEC-937F-ADACD00A5993}.Release|Any CPU.Build.0 = Release|Any CPU
	EndGlobalSection
	GlobalSection(SolutionProperties) = preSolution
		HideSolutionNode = FALSE
	EndGlobalSection
	GlobalSection(ExtensibilityGlobals) = postSolution
		SolutionGuid = {A4E20066-DF99-4804-9019-F76CFA986365}
	EndGlobalSection
EndGlobal
